
Microsoft Visual Studio Solution File, Format Version 12.00
# Visual Studio Version 17
VisualStudioVersion = 17.5.002.0
MinimumVisualStudioVersion = 10.0.40219.1
Project("{9A19103F-16F7-4668-BE54-9A1E7A4F7556}") = "GameOfLifeAPI", "GameOfLifeAPI.csproj", "{CED1937E-24D3-46FF-B812-7DAD6A7BEC16}"
EndProject
Global
	GlobalSection(SolutionConfigurationPlatforms) = preSolution
		Debug|Any CPU = Debug|Any CPU
		Release|Any CPU = Release|Any CPU
	EndGlobalSection
	GlobalSection(ProjectConfigurationPlatforms) = postSolution
		{CED1937E-24D3-46FF-B812-7DAD6A7BEC16}.Debug|Any CPU.ActiveCfg = Debug|Any CPU
		{CED1937E-24D3-46FF-B812-7DAD6A7BEC16}.Debug|Any CPU.Build.0 = Debug|Any CPU
		{CED1937E-24D3-46FF-B812-7DAD6A7BEC16}.Release|Any CPU.ActiveCfg = Release|Any CPU
		{CED1937E-24D3-46FF-B812-7DAD6A7BEC16}.Release|Any CPU.Build.0 = Release|Any CPU
	EndGlobalSection
	GlobalSection(SolutionProperties) = preSolution
		HideSolutionNode = FALSE
	EndGlobalSection
	GlobalSection(ExtensibilityGlobals) = postSolution
		SolutionGuid = {A995AC80-E8CD-4CE4-A614-B03F772D3C64}
	EndGlobalSection
EndGlobal
